<?xml version="1.0" encoding="utf-8"?>
<Project ToolsVersion="4.0" xmlns="http://schemas.microsoft.com/developer/msbuild/2003">
  <ItemGroup>
    <Filter Include="资源文件">
      <UniqueIdentifier>{67DA6AB6-F800-4c08-8B7A-83BB121AAD01}</UniqueIdentifier>
      <Extensions>rc;ico;cur;bmp;dlg;rc2;rct;bin;rgs;gif;jpg;jpeg;jpe;resx;tiff;tif;png;wav;mfcribbon-ms</Extensions>
    </Filter>
    <Filter Include="adapter">
      <UniqueIdentifier>{e1bf9a04-2608-441e-ba7b-7aa65df26e34}</UniqueIdentifier>
    </Filter>
    <Filter Include="comman">
      <UniqueIdentifier>{857985c7-f0ef-4692-a671-795b5bedf0d2}</UniqueIdentifier>
    </Filter>
    <Filter Include="main">
      <UniqueIdentifier>{717ec82f-61cd-416c-bd0a-bc8ed29e20d4}</UniqueIdentifier>
    </Filter>
    <Filter Include="port">
      <UniqueIdentifier>{b2c88949-d766-44ed-ab06-57e13c1f6dfd}</UniqueIdentifier>
    </Filter>
    <Filter Include="model">
      <UniqueIdentifier>{e8e7df9e-7ecd-4aa1-9b48-ed091237e5a0}</UniqueIdentifier>
    </Filter>
    <Filter Include="db">
      <UniqueIdentifier>{ffa1b14c-52a2-4173-90ce-76d5ccc33809}</UniqueIdentifier>
    </Filter>
  </ItemGroup>
  <ItemGroup>
    <ClCompile Include="..\..\..\port\db_port.c">
      <Filter>port</Filter>
    </ClCompile>
    <ClCompile Include="main.c">
      <Filter>main</Filter>
    </ClCompile>
    <ClCompile Include="..\..\..\..\..\..\..\src\model\db_demo.c">
      <Filter>model</Filter>
    </ClCompile>
    <ClCompile Include="..\..\..\..\..\..\..\src\model\db_demo1.c">
      <Filter>model</Filter>
    </ClCompile>
    <ClCompile Include="..\..\..\..\..\..\..\src\db\db_entry.c">
      <Filter>db</Filter>
    </ClCompile>
    <ClCompile Include="..\..\..\..\..\..\..\src\db\db_if.c">
      <Filter>db</Filter>
    </ClCompile>
    <ClCompile Include="..\..\..\..\..\..\..\src\db\tb_entry.c">
      <Filter>db</Filter>
    </ClCompile>
    <ClCompile Include="..\..\..\..\..\..\..\src\db\tb_print.c">
      <Filter>db</Filter>
    </ClCompile>
    <ClCompile Include="..\..\..\..\..\..\..\src\comman\wind_string.c">
      <Filter>comman</Filter>
    </ClCompile>
    <ClCompile Include="..\..\..\..\..\..\..\src\adapter\db_adapter.c">
      <Filter>adapter</Filter>
    </ClCompile>
    <ClCompile Include="..\..\..\..\..\..\..\src\comman\wind_dlist.c">
      <Filter>comman</Filter>
    </ClCompile>
  </ItemGroup>
  <ItemGroup>
    <ClInclude Include="..\..\..\port\db_config.h">
      <Filter>port</Filter>
    </ClInclude>
    <ClInclude Include="..\..\..\port\db_port.h">
      <Filter>port</Filter>
    </ClInclude>
    <ClInclude Include="..\..\..\port\wind_type.h">
      <Filter>port</Filter>
    </ClInclude>
    <ClInclude Include="..\..\..\..\..\..\..\src\model\db_demo.h">
      <Filter>model</Filter>
    </ClInclude>
    <ClInclude Include="..\..\..\..\..\..\..\src\model\db_demo1.h">
      <Filter>model</Filter>
    </ClInclude>
    <ClInclude Include="..\..\..\..\..\..\..\src\db\db.h">
      <Filter>db</Filter>
    </ClInclude>
    <ClInclude Include="..\..\..\..\..\..\..\src\db\db_entry.h">
      <Filter>db</Filter>
    </ClInclude>
    <ClInclude Include="..\..\..\..\..\..\..\src\db\db_if.h">
      <Filter>db</Filter>
    </ClInclude>
    <ClInclude Include="..\..\..\..\..\..\..\src\db\tb_entry.h">
      <Filter>db</Filter>
    </ClInclude>
    <ClInclude Include="..\..\..\..\..\..\..\src\comman\wind_string.h">
      <Filter>comman</Filter>
    </ClInclude>
    <ClInclude Include="..\..\..\..\..\..\..\src\adapter\db_adapter.h">
      <Filter>adapter</Filter>
    </ClInclude>
    <ClInclude Include="..\..\..\..\..\..\..\src\comman\wind_dlist.h">
      <Filter>comman</Filter>
    </ClInclude>
  </ItemGroup>
</Project>